# THIS IS AN AUTOGENERATED FILE. DO NOT EDIT THIS FILE DIRECTLY.
# yarn lockfile v1


"@cloudflare/kv-asset-handler@0.4.1":
  version "0.4.1"
  resolved "https://registry.yarnpkg.com/@cloudflare/kv-asset-handler/-/kv-asset-handler-0.4.1.tgz#717319743437e36c2eaafbb317fdb76b5cff0d88"
  integrity sha512-Nu8ahitGFFJztxUml9oD/DLb7Z28C8cd8F46IVQ7y5Btz575pvMY8AqZsXkX7Gds29eCKdMgIHjIvzskHgPSFg==
  dependencies:
    mime "^3.0.0"

"@cloudflare/unenv-preset@2.7.13":
  version "2.7.13"
  resolved "https://registry.yarnpkg.com/@cloudflare/unenv-preset/-/unenv-preset-2.7.13.tgz#c8f922f9bce0f17337277ede52fce3f268286041"
  integrity sha512-NulO1H8R/DzsJguLC0ndMuk4Ufv0KSlN+E54ay9rn9ZCQo0kpAPwwh3LhgpZ96a3Dr6L9LqW57M4CqC34iLOvw==

"@cloudflare/workerd-darwin-64@1.20251210.0":
  version "1.20251210.0"
  resolved "https://registry.yarnpkg.com/@cloudflare/workerd-darwin-64/-/workerd-darwin-64-1.20251210.0.tgz#06671adfcde09baf2a95fb263fae2442d4e2993f"
  integrity sha512-Nn9X1moUDERA9xtFdCQ2XpQXgAS9pOjiCxvOT8sVx9UJLAiBLkfSCGbpsYdarODGybXCpjRlc77Yppuolvt7oQ==

"@cloudflare/workerd-darwin-arm64@1.20251210.0":
  version "1.20251210.0"
  resolved "https://registry.yarnpkg.com/@cloudflare/workerd-darwin-arm64/-/workerd-darwin-arm64-1.20251210.0.tgz#9c51a497f52d3fcbda35a0e13f7d3bfa210da1f8"
  integrity sha512-Mg8iYIZQFnbevq/ls9eW/eneWTk/EE13Pej1MwfkY5et0jVpdHnvOLywy/o+QtMJFef1AjsqXGULwAneYyBfHw==

"@cloudflare/workerd-linux-64@1.20251210.0":
  version "1.20251210.0"
  resolved "https://registry.yarnpkg.com/@cloudflare/workerd-linux-64/-/workerd-linux-64-1.20251210.0.tgz#9793044e78427a3128cdd7e0d6740a5ddcfcf7c3"
  integrity sha512-kjC2fCZhZ2Gkm1biwk2qByAYpGguK5Gf5ic8owzSCUw0FOUfQxTZUT9Lp3gApxsfTLbbnLBrX/xzWjywH9QR4g==

"@cloudflare/workerd-linux-arm64@1.20251210.0":
  version "1.20251210.0"
  resolved "https://registry.yarnpkg.com/@cloudflare/workerd-linux-arm64/-/workerd-linux-arm64-1.20251210.0.tgz#ade31e475d53086d8775dcc9175e199f574a2a70"
  integrity sha512-2IB37nXi7PZVQLa1OCuO7/6pNxqisRSO8DmCQ5x/3sezI5op1vwOxAcb1osAnuVsVN9bbvpw70HJvhKruFJTuA==

"@cloudflare/workerd-windows-64@1.20251210.0":
  version "1.20251210.0"
  resolved "https://registry.yarnpkg.com/@cloudflare/workerd-windows-64/-/workerd-windows-64-1.20251210.0.tgz#417b75731ca7a6b9cb3f7a939de7f22f12c73aa0"
  integrity sha512-Uaz6/9XE+D6E7pCY4OvkCuJHu7HcSDzeGcCGY1HLhojXhHd7yL52c3yfiyJdS8hPatiAa0nn5qSI/42+aTdDSw==

"@cspotcode/source-map-support@0.8.1":
  version "0.8.1"
  resolved "https://registry.yarnpkg.com/@cspotcode/source-map-support/-/source-map-support-0.8.1.tgz#00629c35a688e05a88b1cda684fb9d5e73f000a1"
  integrity sha512-IchNf6dN4tHoMFIn/7OE8LWZ19Y6q/67Bmf6vnGREv8RSbBVb9LPJxEcnwrcwX6ixSvaiGoomAUvu4YSxXrVgw==
  dependencies:
    "@jridgewell/trace-mapping" "0.3.9"

"@emnapi/runtime@^1.2.0":
  version "1.7.1"
  resolved "https://registry.yarnpkg.com/@emnapi/runtime/-/runtime-1.7.1.tgz#a73784e23f5d57287369c808197288b52276b791"
  integrity sha512-PVtJr5CmLwYAU9PZDMITZoR5iAOShYREoR45EyyLrbntV50mdePTgUn4AmOw90Ifcj+x2kRjdzr1HP3RrNiHGA==
  dependencies:
    tslib "^2.4.0"

"@esbuild/aix-ppc64@0.27.0":
  version "0.27.0"
  resolved "https://registry.yarnpkg.com/@esbuild/aix-ppc64/-/aix-ppc64-0.27.0.tgz#1d8be43489a961615d49e037f1bfa0f52a773737"
  integrity sha512-KuZrd2hRjz01y5JK9mEBSD3Vj3mbCvemhT466rSuJYeE/hjuBrHfjjcjMdTm/sz7au+++sdbJZJmuBwQLuw68A==

"@esbuild/android-arm64@0.27.0":
  version "0.27.0"
  resolved "https://registry.yarnpkg.com/@esbuild/android-arm64/-/android-arm64-0.27.0.tgz#bd1763194aad60753fa3338b1ba9bda974b58724"
  integrity sha512-CC3vt4+1xZrs97/PKDkl0yN7w8edvU2vZvAFGD16n9F0Cvniy5qvzRXjfO1l94efczkkQE6g1x0i73Qf5uthOQ==

"@esbuild/android-arm@0.27.0":
  version "0.27.0"
  resolved "https://registry.yarnpkg.com/@esbuild/android-arm/-/android-arm-0.27.0.tgz#69c7b57f02d3b3618a5ba4f82d127b57665dc397"
  integrity sha512-j67aezrPNYWJEOHUNLPj9maeJte7uSMM6gMoxfPC9hOg8N02JuQi/T7ewumf4tNvJadFkvLZMlAq73b9uwdMyQ==

"@esbuild/android-x64@0.27.0":
  version "0.27.0"
  resolved "https://registry.yarnpkg.com/@esbuild/android-x64/-/android-x64-0.27.0.tgz#6ea22b5843acb23243d0126c052d7d3b6a11ca90"
  integrity sha512-wurMkF1nmQajBO1+0CJmcN17U4BP6GqNSROP8t0X/Jiw2ltYGLHpEksp9MpoBqkrFR3kv2/te6Sha26k3+yZ9Q==

"@esbuild/darwin-arm64@0.27.0":
  version "0.27.0"
  resolved "https://registry.yarnpkg.com/@esbuild/darwin-arm64/-/darwin-arm64-0.27.0.tgz#5ad7c02bc1b1a937a420f919afe40665ba14ad1e"
  integrity sha512-uJOQKYCcHhg07DL7i8MzjvS2LaP7W7Pn/7uA0B5S1EnqAirJtbyw4yC5jQ5qcFjHK9l6o/MX9QisBg12kNkdHg==

"@esbuild/darwin-x64@0.27.0":
  version "0.27.0"
  resolved "https://registry.yarnpkg.com/@esbuild/darwin-x64/-/darwin-x64-0.27.0.tgz#48470c83c5fd6d1fc7c823c2c603aeee96e101c9"
  integrity sha512-8mG6arH3yB/4ZXiEnXof5MK72dE6zM9cDvUcPtxhUZsDjESl9JipZYW60C3JGreKCEP+p8P/72r69m4AZGJd5g==

"@esbuild/freebsd-arm64@0.27.0":
  version "0.27.0"
  resolved "https://registry.yarnpkg.com/@esbuild/freebsd-arm64/-/freebsd-arm64-0.27.0.tgz#d5a8effd8b0be7be613cd1009da34d629d4c2457"
  integrity sha512-9FHtyO988CwNMMOE3YIeci+UV+x5Zy8fI2qHNpsEtSF83YPBmE8UWmfYAQg6Ux7Gsmd4FejZqnEUZCMGaNQHQw==

"@esbuild/freebsd-x64@0.27.0":
  version "0.27.0"
  resolved "https://registry.yarnpkg.com/@esbuild/freebsd-x64/-/freebsd-x64-0.27.0.tgz#9bde638bda31aa244d6d64dbafafb41e6e799bcc"
  integrity sha512-zCMeMXI4HS/tXvJz8vWGexpZj2YVtRAihHLk1imZj4efx1BQzN76YFeKqlDr3bUWI26wHwLWPd3rwh6pe4EV7g==

"@esbuild/linux-arm64@0.27.0":
  version "0.27.0"
  resolved "https://registry.yarnpkg.com/@esbuild/linux-arm64/-/linux-arm64-0.27.0.tgz#96008c3a207d8ca495708db714c475ea5bf7e2af"
  integrity sha512-AS18v0V+vZiLJyi/4LphvBE+OIX682Pu7ZYNsdUHyUKSoRwdnOsMf6FDekwoAFKej14WAkOef3zAORJgAtXnlQ==

"@esbuild/linux-arm@0.27.0":
  version "0.27.0"
  resolved "https://registry.yarnpkg.com/@esbuild/linux-arm/-/linux-arm-0.27.0.tgz#9b47cb0f222e567af316e978c7f35307db97bc0e"
  integrity sha512-t76XLQDpxgmq2cNXKTVEB7O7YMb42atj2Re2Haf45HkaUpjM2J0UuJZDuaGbPbamzZ7bawyGFUkodL+zcE+jvQ==

"@esbuild/linux-ia32@0.27.0":
  version "0.27.0"
  resolved "https://registry.yarnpkg.com/@esbuild/linux-ia32/-/linux-ia32-0.27.0.tgz#d1e1e38d406cbdfb8a49f4eca0c25bbc344e18cc"
  integrity sha512-Mz1jxqm/kfgKkc/KLHC5qIujMvnnarD9ra1cEcrs7qshTUSksPihGrWHVG5+osAIQ68577Zpww7SGapmzSt4Nw==

"@esbuild/linux-loong64@0.27.0":
  version "0.27.0"
  resolved "https://registry.yarnpkg.com/@esbuild/linux-loong64/-/linux-loong64-0.27.0.tgz#c13bc6a53e3b69b76f248065bebee8415b44dfce"
  integrity sha512-QbEREjdJeIreIAbdG2hLU1yXm1uu+LTdzoq1KCo4G4pFOLlvIspBm36QrQOar9LFduavoWX2msNFAAAY9j4BDg==

"@esbuild/linux-mips64el@0.27.0":
  version "0.27.0"
  resolved "https://registry.yarnpkg.com/@esbuild/linux-mips64el/-/linux-mips64el-0.27.0.tgz#05f8322eb0a96ce1bfbc59691abe788f71e2d217"
  integrity sha512-sJz3zRNe4tO2wxvDpH/HYJilb6+2YJxo/ZNbVdtFiKDufzWq4JmKAiHy9iGoLjAV7r/W32VgaHGkk35cUXlNOg==

"@esbuild/linux-ppc64@0.27.0":
  version "0.27.0"
  resolved "https://registry.yarnpkg.com/@esbuild/linux-ppc64/-/linux-ppc64-0.27.0.tgz#6fc5e7af98b4fb0c6a7f0b73ba837ce44dc54980"
  integrity sha512-z9N10FBD0DCS2dmSABDBb5TLAyF1/ydVb+N4pi88T45efQ/w4ohr/F/QYCkxDPnkhkp6AIpIcQKQ8F0ANoA2JA==

"@esbuild/linux-riscv64@0.27.0":
  version "0.27.0"
  resolved "https://registry.yarnpkg.com/@esbuild/linux-riscv64/-/linux-riscv64-0.27.0.tgz#508afa9f69a3f97368c0bf07dd894a04af39d86e"
  integrity sha512-pQdyAIZ0BWIC5GyvVFn5awDiO14TkT/19FTmFcPdDec94KJ1uZcmFs21Fo8auMXzD4Tt+diXu1LW1gHus9fhFQ==

"@esbuild/linux-s390x@0.27.0":
  version "0.27.0"
  resolved "https://registry.yarnpkg.com/@esbuild/linux-s390x/-/linux-s390x-0.27.0.tgz#21fda656110ee242fc64f87a9e0b0276d4e4ec5b"
  integrity sha512-hPlRWR4eIDDEci953RI1BLZitgi5uqcsjKMxwYfmi4LcwyWo2IcRP+lThVnKjNtk90pLS8nKdroXYOqW+QQH+w==

"@esbuild/linux-x64@0.27.0":
  version "0.27.0"
  resolved "https://registry.yarnpkg.com/@esbuild/linux-x64/-/linux-x64-0.27.0.tgz#1758a85dcc09b387fd57621643e77b25e0ccba59"
  integrity sha512-1hBWx4OUJE2cab++aVZ7pObD6s+DK4mPGpemtnAORBvb5l/g5xFGk0vc0PjSkrDs0XaXj9yyob3d14XqvnQ4gw==

"@esbuild/netbsd-arm64@0.27.0":
  version "0.27.0"
  resolved "https://registry.yarnpkg.com/@esbuild/netbsd-arm64/-/netbsd-arm64-0.27.0.tgz#a0131159f4db6e490da35cc4bb51ef0d03b7848a"
  integrity sha512-6m0sfQfxfQfy1qRuecMkJlf1cIzTOgyaeXaiVaaki8/v+WB+U4hc6ik15ZW6TAllRlg/WuQXxWj1jx6C+dfy3w==

"@esbuild/netbsd-x64@0.27.0":
  version "0.27.0"
  resolved "https://registry.yarnpkg.com/@esbuild/netbsd-x64/-/netbsd-x64-0.27.0.tgz#6f4877d7c2ba425a2b80e4330594e0b43caa2d7d"
  integrity sha512-xbbOdfn06FtcJ9d0ShxxvSn2iUsGd/lgPIO2V3VZIPDbEaIj1/3nBBe1AwuEZKXVXkMmpr6LUAgMkLD/4D2PPA==

"@esbuild/openbsd-arm64@0.27.0":
  version "0.27.0"
  resolved "https://registry.yarnpkg.com/@esbuild/openbsd-arm64/-/openbsd-arm64-0.27.0.tgz#cbefbd4c2f375cebeb4f965945be6cf81331bd01"
  integrity sha512-fWgqR8uNbCQ/GGv0yhzttj6sU/9Z5/Sv/VGU3F5OuXK6J6SlriONKrQ7tNlwBrJZXRYk5jUhuWvF7GYzGguBZQ==

"@esbuild/openbsd-x64@0.27.0":
  version "0.27.0"
  resolved "https://registry.yarnpkg.com/@esbuild/openbsd-x64/-/openbsd-x64-0.27.0.tgz#31fa9e8649fc750d7c2302c8b9d0e1547f57bc84"
  integrity sha512-aCwlRdSNMNxkGGqQajMUza6uXzR/U0dIl1QmLjPtRbLOx3Gy3otfFu/VjATy4yQzo9yFDGTxYDo1FfAD9oRD2A==

"@esbuild/openharmony-arm64@0.27.0":
  version "0.27.0"
  resolved "https://registry.yarnpkg.com/@esbuild/openharmony-arm64/-/openharmony-arm64-0.27.0.tgz#03727780f1fdf606e7b56193693a715d9f1ee001"
  integrity sha512-nyvsBccxNAsNYz2jVFYwEGuRRomqZ149A39SHWk4hV0jWxKM0hjBPm3AmdxcbHiFLbBSwG6SbpIcUbXjgyECfA==

"@esbuild/sunos-x64@0.27.0":
  version "0.27.0"
  resolved "https://registry.yarnpkg.com/@esbuild/sunos-x64/-/sunos-x64-0.27.0.tgz#866a35f387234a867ced35af8906dfffb073b9ff"
  integrity sha512-Q1KY1iJafM+UX6CFEL+F4HRTgygmEW568YMqDA5UV97AuZSm21b7SXIrRJDwXWPzr8MGr75fUZPV67FdtMHlHA==

"@esbuild/win32-arm64@0.27.0":
  version "0.27.0"
  resolved "https://registry.yarnpkg.com/@esbuild/win32-arm64/-/win32-arm64-0.27.0.tgz#53de43a9629b8a34678f28cd56cc104db1b67abb"
  integrity sha512-W1eyGNi6d+8kOmZIwi/EDjrL9nxQIQ0MiGqe/AWc6+IaHloxHSGoeRgDRKHFISThLmsewZ5nHFvGFWdBYlgKPg==

"@esbuild/win32-ia32@0.27.0":
  version "0.27.0"
  resolved "https://registry.yarnpkg.com/@esbuild/win32-ia32/-/win32-ia32-0.27.0.tgz#924d2aed8692fea5d27bfb6500f9b8b9c1a34af4"
  integrity sha512-30z1aKL9h22kQhilnYkORFYt+3wp7yZsHWus+wSKAJR8JtdfI76LJ4SBdMsCopTR3z/ORqVu5L1vtnHZWVj4cQ==

"@esbuild/win32-x64@0.27.0":
  version "0.27.0"
  resolved "https://registry.yarnpkg.com/@esbuild/win32-x64/-/win32-x64-0.27.0.tgz#64995295227e001f2940258617c6674efb3ac48d"
  integrity sha512-aIitBcjQeyOhMTImhLZmtxfdOcuNRpwlPNmlFKPcHQYPhEssw75Cl1TSXJXpMkzaua9FUetx/4OQKq7eJul5Cg==

"@img/sharp-darwin-arm64@0.33.5":
  version "0.33.5"
  resolved "https://registry.yarnpkg.com/@img/sharp-darwin-arm64/-/sharp-darwin-arm64-0.33.5.tgz#ef5b5a07862805f1e8145a377c8ba6e98813ca08"
  integrity sha512-UT4p+iz/2H4twwAoLCqfA9UH5pI6DggwKEGuaPy7nCVQ8ZsiY5PIcrRvD1DzuY3qYL07NtIQcWnBSY/heikIFQ==
  optionalDependencies:
    "@img/sharp-libvips-darwin-arm64" "1.0.4"

"@img/sharp-darwin-x64@0.33.5":
  version "0.33.5"
  resolved "https://registry.yarnpkg.com/@img/sharp-darwin-x64/-/sharp-darwin-x64-0.33.5.tgz#e03d3451cd9e664faa72948cc70a403ea4063d61"
  integrity sha512-fyHac4jIc1ANYGRDxtiqelIbdWkIuQaI84Mv45KvGRRxSAa7o7d1ZKAOBaYbnepLC1WqxfpimdeWfvqqSGwR2Q==
  optionalDependencies:
    "@img/sharp-libvips-darwin-x64" "1.0.4"

"@img/sharp-libvips-darwin-arm64@1.0.4":
  version "1.0.4"
  resolved "https://registry.yarnpkg.com/@img/sharp-libvips-darwin-arm64/-/sharp-libvips-darwin-arm64-1.0.4.tgz#447c5026700c01a993c7804eb8af5f6e9868c07f"
  integrity sha512-XblONe153h0O2zuFfTAbQYAX2JhYmDHeWikp1LM9Hul9gVPjFY427k6dFEcOL72O01QxQsWi761svJ/ev9xEDg==

"@img/sharp-libvips-darwin-x64@1.0.4":
  version "1.0.4"
  resolved "https://registry.yarnpkg.com/@img/sharp-libvips-darwin-x64/-/sharp-libvips-darwin-x64-1.0.4.tgz#e0456f8f7c623f9dbfbdc77383caa72281d86062"
  integrity sha512-xnGR8YuZYfJGmWPvmlunFaWJsb9T/AO2ykoP3Fz/0X5XV2aoYBPkX6xqCQvUTKKiLddarLaxpzNe+b1hjeWHAQ==

"@img/sharp-libvips-linux-arm64@1.0.4":
  version "1.0.4"
  resolved "https://registry.yarnpkg.com/@img/sharp-libvips-linux-arm64/-/sharp-libvips-linux-arm64-1.0.4.tgz#979b1c66c9a91f7ff2893556ef267f90ebe51704"
  integrity sha512-9B+taZ8DlyyqzZQnoeIvDVR/2F4EbMepXMc/NdVbkzsJbzkUjhXv/70GQJ7tdLA4YJgNP25zukcxpX2/SueNrA==

"@img/sharp-libvips-linux-arm@1.0.5":
  version "1.0.5"
  resolved "https://registry.yarnpkg.com/@img/sharp-libvips-linux-arm/-/sharp-libvips-linux-arm-1.0.5.tgz#99f922d4e15216ec205dcb6891b721bfd2884197"
  integrity sha512-gvcC4ACAOPRNATg/ov8/MnbxFDJqf/pDePbBnuBDcjsI8PssmjoKMAz4LtLaVi+OnSb5FK/yIOamqDwGmXW32g==

"@img/sharp-libvips-linux-s390x@1.0.4":
  version "1.0.4"
  resolved "https://registry.yarnpkg.com/@img/sharp-libvips-linux-s390x/-/sharp-libvips-linux-s390x-1.0.4.tgz#f8a5eb1f374a082f72b3f45e2fb25b8118a8a5ce"
  integrity sha512-u7Wz6ntiSSgGSGcjZ55im6uvTrOxSIS8/dgoVMoiGE9I6JAfU50yH5BoDlYA1tcuGS7g/QNtetJnxA6QEsCVTA==

"@img/sharp-libvips-linux-x64@1.0.4":
  version "1.0.4"
  resolved "https://registry.yarnpkg.com/@img/sharp-libvips-linux-x64/-/sharp-libvips-linux-x64-1.0.4.tgz#d4c4619cdd157774906e15770ee119931c7ef5e0"
  integrity sha512-MmWmQ3iPFZr0Iev+BAgVMb3ZyC4KeFc3jFxnNbEPas60e1cIfevbtuyf9nDGIzOaW9PdnDciJm+wFFaTlj5xYw==

"@img/sharp-libvips-linuxmusl-arm64@1.0.4":
  version "1.0.4"
  resolved "https://registry.yarnpkg.com/@img/sharp-libvips-linuxmusl-arm64/-/sharp-libvips-linuxmusl-arm64-1.0.4.tgz#166778da0f48dd2bded1fa3033cee6b588f0d5d5"
  integrity sha512-9Ti+BbTYDcsbp4wfYib8Ctm1ilkugkA/uscUn6UXK1ldpC1JjiXbLfFZtRlBhjPZ5o1NCLiDbg8fhUPKStHoTA==

"@img/sharp-libvips-linuxmusl-x64@1.0.4":
  version "1.0.4"
  resolved "https://registry.yarnpkg.com/@img/sharp-libvips-linuxmusl-x64/-/sharp-libvips-linuxmusl-x64-1.0.4.tgz#93794e4d7720b077fcad3e02982f2f1c246751ff"
  integrity sha512-viYN1KX9m+/hGkJtvYYp+CCLgnJXwiQB39damAO7WMdKWlIhmYTfHjwSbQeUK/20vY154mwezd9HflVFM1wVSw==

"@img/sharp-linux-arm64@0.33.5":
  version "0.33.5"
  resolved "https://registry.yarnpkg.com/@img/sharp-linux-arm64/-/sharp-linux-arm64-0.33.5.tgz#edb0697e7a8279c9fc829a60fc35644c4839bb22"
  integrity sha512-JMVv+AMRyGOHtO1RFBiJy/MBsgz0x4AWrT6QoEVVTyh1E39TrCUpTRI7mx9VksGX4awWASxqCYLCV4wBZHAYxA==
  optionalDependencies:
    "@img/sharp-libvips-linux-arm64" "1.0.4"

"@img/sharp-linux-arm@0.33.5":
  version "0.33.5"
  resolved "https://registry.yarnpkg.com/@img/sharp-linux-arm/-/sharp-linux-arm-0.33.5.tgz#422c1a352e7b5832842577dc51602bcd5b6f5eff"
  integrity sha512-JTS1eldqZbJxjvKaAkxhZmBqPRGmxgu+qFKSInv8moZ2AmT5Yib3EQ1c6gp493HvrvV8QgdOXdyaIBrhvFhBMQ==
  optionalDependencies:
    "@img/sharp-libvips-linux-arm" "1.0.5"

"@img/sharp-linux-s390x@0.33.5":
  version "0.33.5"
  resolved "https://registry.yarnpkg.com/@img/sharp-linux-s390x/-/sharp-linux-s390x-0.33.5.tgz#f5c077926b48e97e4a04d004dfaf175972059667"
  integrity sha512-y/5PCd+mP4CA/sPDKl2961b+C9d+vPAveS33s6Z3zfASk2j5upL6fXVPZi7ztePZ5CuH+1kW8JtvxgbuXHRa4Q==
  optionalDependencies:
    "@img/sharp-libvips-linux-s390x" "1.0.4"

"@img/sharp-linux-x64@0.33.5":
  version "0.33.5"
  resolved "https://registry.yarnpkg.com/@img/sharp-linux-x64/-/sharp-linux-x64-0.33.5.tgz#d806e0afd71ae6775cc87f0da8f2d03a7c2209cb"
  integrity sha512-opC+Ok5pRNAzuvq1AG0ar+1owsu842/Ab+4qvU879ippJBHvyY5n2mxF1izXqkPYlGuP/M556uh53jRLJmzTWA==
  optionalDependencies:
    "@img/sharp-libvips-linux-x64" "1.0.4"

"@img/sharp-linuxmusl-arm64@0.33.5":
  version "0.33.5"
  resolved "https://registry.yarnpkg.com/@img/sharp-linuxmusl-arm64/-/sharp-linuxmusl-arm64-0.33.5.tgz#252975b915894fb315af5deea174651e208d3d6b"
  integrity sha512-XrHMZwGQGvJg2V/oRSUfSAfjfPxO+4DkiRh6p2AFjLQztWUuY/o8Mq0eMQVIY7HJ1CDQUJlxGGZRw1a5bqmd1g==
  optionalDependencies:
    "@img/sharp-libvips-linuxmusl-arm64" "1.0.4"

"@img/sharp-linuxmusl-x64@0.33.5":
  version "0.33.5"
  resolved "https://registry.yarnpkg.com/@img/sharp-linuxmusl-x64/-/sharp-linuxmusl-x64-0.33.5.tgz#3f4609ac5d8ef8ec7dadee80b560961a60fd4f48"
  integrity sha512-WT+d/cgqKkkKySYmqoZ8y3pxx7lx9vVejxW/W4DOFMYVSkErR+w7mf2u8m/y4+xHe7yY9DAXQMWQhpnMuFfScw==
  optionalDependencies:
    "@img/sharp-libvips-linuxmusl-x64" "1.0.4"

"@img/sharp-wasm32@0.33.5":
  version "0.33.5"
  resolved "https://registry.yarnpkg.com/@img/sharp-wasm32/-/sharp-wasm32-0.33.5.tgz#6f44f3283069d935bb5ca5813153572f3e6f61a1"
  integrity sha512-ykUW4LVGaMcU9lu9thv85CbRMAwfeadCJHRsg2GmeRa/cJxsVY9Rbd57JcMxBkKHag5U/x7TSBpScF4U8ElVzg==
  dependencies:
    "@emnapi/runtime" "^1.2.0"

"@img/sharp-win32-ia32@0.33.5":
  version "0.33.5"
  resolved "https://registry.yarnpkg.com/@img/sharp-win32-ia32/-/sharp-win32-ia32-0.33.5.tgz#1a0c839a40c5351e9885628c85f2e5dfd02b52a9"
  integrity sha512-T36PblLaTwuVJ/zw/LaH0PdZkRz5rd3SmMHX8GSmR7vtNSP5Z6bQkExdSK7xGWyxLw4sUknBuugTelgw2faBbQ==

"@img/sharp-win32-x64@0.33.5":
  version "0.33.5"
  resolved "https://registry.yarnpkg.com/@img/sharp-win32-x64/-/sharp-win32-x64-0.33.5.tgz#56f00962ff0c4e0eb93d34a047d29fa995e3e342"
  integrity sha512-MpY/o8/8kj+EcnxwvrP4aTJSWw/aZ7JIGR4aBeZkZw5B7/Jn+tY9/VNwtcoGmdT7GfggGIU4kygOMSbYnOrAbg==

"@jridgewell/resolve-uri@^3.0.3":
  version "3.1.2"
  resolved "https://registry.yarnpkg.com/@jridgewell/resolve-uri/-/resolve-uri-3.1.2.tgz#7a0ee601f60f99a20c7c7c5ff0c80388c1189bd6"
  integrity sha512-bRISgCIjP20/tbWSPWMEi54QVPRZExkuD9lJL+UIxUKtwVJA8wW1Trb1jMs1RFXo1CBTNZ/5hpC9QvmKWdopKw==

"@jridgewell/sourcemap-codec@^1.4.10":
  version "1.5.5"
  resolved "https://registry.yarnpkg.com/@jridgewell/sourcemap-codec/-/sourcemap-codec-1.5.5.tgz#6912b00d2c631c0d15ce1a7ab57cd657f2a8f8ba"
  integrity sha512-cYQ9310grqxueWbl+WuIUIaiUaDcj7WOq5fVhEljNVgRfOUhY9fy2zTvfoqWsnebh8Sl70VScFbICvJnLKB0Og==

"@jridgewell/trace-mapping@0.3.9":
  version "0.3.9"
  resolved "https://registry.yarnpkg.com/@jridgewell/trace-mapping/-/trace-mapping-0.3.9.tgz#6534fd5933a53ba7cbf3a17615e273a0d1273ff9"
  integrity sha512-3Belt6tdc8bPgAtbcmdtNJlirVoTmEb5e2gC94PnkwEW9jI6CAHUeoG85tjWP5WquqfavoMtMwiG4P926ZKKuQ==
  dependencies:
    "@jridgewell/resolve-uri" "^3.0.3"
    "@jridgewell/sourcemap-codec" "^1.4.10"

"@poppinss/colors@^4.1.5":
  version "4.1.6"
  resolved "https://registry.yarnpkg.com/@poppinss/colors/-/colors-4.1.6.tgz#bf8546e30cfc5ee8dfe68988ce58eb0ad9d7c21b"
  integrity sha512-H9xkIdFswbS8n1d6vmRd8+c10t2Qe+rZITbbDHHkQixH5+2x1FDGmi/0K+WgWiqQFKPSlIYB7jlH6Kpfn6Fleg==
  dependencies:
    kleur "^4.1.5"

"@poppinss/dumper@^0.6.4":
  version "0.6.5"
  resolved "https://registry.yarnpkg.com/@poppinss/dumper/-/dumper-0.6.5.tgz#8992703338d80d2218fdc37245c8cfc67f0f6ac9"
  integrity sha512-NBdYIb90J7LfOI32dOewKI1r7wnkiH6m920puQ3qHUeZkxNkQiFnXVWoE6YtFSv6QOiPPf7ys6i+HWWecDz7sw==
  dependencies:
    "@poppinss/colors" "^4.1.5"
    "@sindresorhus/is" "^7.0.2"
    supports-color "^10.0.0"

"@poppinss/exception@^1.2.2":
  version "1.2.2"
  resolved "https://registry.yarnpkg.com/@poppinss/exception/-/exception-1.2.2.tgz#8d30d42e126c54fe84e997433e4dcac610090743"
  integrity sha512-m7bpKCD4QMlFCjA/nKTs23fuvoVFoA83brRKmObCUNmi/9tVu8Ve3w4YQAnJu4q3Tjf5fr685HYIC/IA2zHRSg==

"@sindresorhus/is@^7.0.2":
  version "7.1.1"
  resolved "https://registry.yarnpkg.com/@sindresorhus/is/-/is-7.1.1.tgz#e32f9b1e0d7e14ee9504cdc7aae4a18dea8c3ef7"
  integrity sha512-rO92VvpgMc3kfiTjGT52LEtJ8Yc5kCWhZjLQ3LwlA4pSgPpQO7bVpYXParOD8Jwf+cVQECJo3yP/4I8aZtUQTQ==

"@speed-highlight/core@^1.2.7":
  version "1.2.12"
  resolved "https://registry.yarnpkg.com/@speed-highlight/core/-/core-1.2.12.tgz#5578ad2b92b0f7edc9ad46d9a7f921ff799d8a42"
  integrity sha512-uilwrK0Ygyri5dToHYdZSjcvpS2ZwX0w5aSt3GCEN9hrjxWCoeV4Z2DTXuxjwbntaLQIEEAlCeNQss5SoHvAEA==

acorn-walk@8.3.2:
  version "8.3.2"
  resolved "https://registry.yarnpkg.com/acorn-walk/-/acorn-walk-8.3.2.tgz#7703af9415f1b6db9315d6895503862e231d34aa"
  integrity sha512-cjkyv4OtNCIeqhHrfS81QWXoCBPExR/J62oyEqepVw8WaQeSqpW2uhuLPh1m9eWhDuOo/jUXVTlifvesOWp/4A==

acorn@8.14.0:
  version "8.14.0"
  resolved "https://registry.yarnpkg.com/acorn/-/acorn-8.14.0.tgz#063e2c70cac5fb4f6467f0b11152e04c682795b0"
  integrity sha512-cl669nCJTZBsL97OF4kUQm5g5hC2uihk0NxY3WENAC0TYdILVkAyHymAntgxGkl7K+t0cXIrH5siy5S4XkFycA==

blake3-wasm@2.1.5:
  version "2.1.5"
  resolved "https://registry.yarnpkg.com/blake3-wasm/-/blake3-wasm-2.1.5.tgz#b22dbb84bc9419ed0159caa76af4b1b132e6ba52"
  integrity sha512-F1+K8EbfOZE49dtoPtmxUQrpXaBIl3ICvasLh+nJta0xkz+9kF/7uet9fLnwKqhDrmj6g+6K3Tw9yQPUg2ka5g==

color-convert@^2.0.1:
  version "2.0.1"
  resolved "https://registry.yarnpkg.com/color-convert/-/color-convert-2.0.1.tgz#72d3a68d598c9bdb3af2ad1e84f21d896abd4de3"
  integrity sha512-RRECPsj7iu/xb5oKYcsFHSppFNnsj/52OVTRKb4zP5onXwVF3zVmmToNcOfGC+CRDpfK/U584fMg38ZHCaElKQ==
  dependencies:
    color-name "~1.1.4"

color-name@^1.0.0, color-name@~1.1.4:
  version "1.1.4"
  resolved "https://registry.yarnpkg.com/color-name/-/color-name-1.1.4.tgz#c2a09a87acbde69543de6f63fa3995c826c536a2"
  integrity sha512-dOy+3AuW3a2wNbZHIuMZpTcgjGuLU/uBL/ubcZF9OXbDo8ff4O8yVp5Bf0efS8uEoYo5q4Fx7dY9OgQGXgAsQA==

color-string@^1.9.0:
  version "1.9.1"
  resolved "https://registry.yarnpkg.com/color-string/-/color-string-1.9.1.tgz#4467f9146f036f855b764dfb5bf8582bf342c7a4"
  integrity sha512-shrVawQFojnZv6xM40anx4CkoDP+fZsw/ZerEMsW/pyzsRbElpsL/DBVW7q3ExxwusdNXI3lXpuhEZkzs8p5Eg==
  dependencies:
    color-name "^1.0.0"
    simple-swizzle "^0.2.2"

color@^4.2.3:
  version "4.2.3"
  resolved "https://registry.yarnpkg.com/color/-/color-4.2.3.tgz#d781ecb5e57224ee43ea9627560107c0e0c6463a"
  integrity sha512-1rXeuUUiGGrykh+CeBdu5Ie7OJwinCgQY0bc7GCRxy5xVHy+moaqkpL/jqQq0MtQOeYcrqEz4abc5f0KtU7W4A==
  dependencies:
    color-convert "^2.0.1"
    color-string "^1.9.0"

cookie@^1.0.2:
  version "1.1.1"
  resolved "https://registry.yarnpkg.com/cookie/-/cookie-1.1.1.tgz#3bb9bdfc82369db9c2f69c93c9c3ceb310c88b3c"
  integrity sha512-ei8Aos7ja0weRpFzJnEA9UHJ/7XQmqglbRwnf2ATjcB9Wq874VKH9kfjjirM6UhU2/E5fFYadylyhFldcqSidQ==

detect-libc@^2.0.3:
  version "2.1.2"
  resolved "https://registry.yarnpkg.com/detect-libc/-/detect-libc-2.1.2.tgz#689c5dcdc1900ef5583a4cb9f6d7b473742074ad"
  integrity sha512-Btj2BOOO83o3WyH59e8MgXsxEQVcarkUOpEYrubB0urwnN10yQ364rsiByU11nZlqWYZm05i/of7io4mzihBtQ==

error-stack-parser-es@^1.0.5:
  version "1.0.5"
  resolved "https://registry.yarnpkg.com/error-stack-parser-es/-/error-stack-parser-es-1.0.5.tgz#e6a1655dd12f39bb3a85bf4c7088187d78740327"
  integrity sha512-5qucVt2XcuGMcEGgWI7i+yZpmpByQ8J1lHhcL7PwqCwu9FPP3VUXzT4ltHe5i2z9dePwEHcDVOAfSnHsOlCXRA==

esbuild@0.27.0:
  version "0.27.0"
  resolved "https://registry.yarnpkg.com/esbuild/-/esbuild-0.27.0.tgz#db983bed6f76981361c92f50cf6a04c66f7b3e1d"
  integrity sha512-jd0f4NHbD6cALCyGElNpGAOtWxSq46l9X/sWB0Nzd5er4Kz2YTm+Vl0qKFT9KUJvD8+fiO8AvoHhFvEatfVixA==
  optionalDependencies:
    "@esbuild/aix-ppc64" "0.27.0"
    "@esbuild/android-arm" "0.27.0"
    "@esbuild/android-arm64" "0.27.0"
    "@esbuild/android-x64" "0.27.0"
    "@esbuild/darwin-arm64" "0.27.0"
    "@esbuild/darwin-x64" "0.27.0"
    "@esbuild/freebsd-arm64" "0.27.0"
    "@esbuild/freebsd-x64" "0.27.0"
    "@esbuild/linux-arm" "0.27.0"
    "@esbuild/linux-arm64" "0.27.0"
    "@esbuild/linux-ia32" "0.27.0"
    "@esbuild/linux-loong64" "0.27.0"
    "@esbuild/linux-mips64el" "0.27.0"
    "@esbuild/linux-ppc64" "0.27.0"
    "@esbuild/linux-riscv64" "0.27.0"
    "@esbuild/linux-s390x" "0.27.0"
    "@esbuild/linux-x64" "0.27.0"
    "@esbuild/netbsd-arm64" "0.27.0"
    "@esbuild/netbsd-x64" "0.27.0"
    "@esbuild/openbsd-arm64" "0.27.0"
    "@esbuild/openbsd-x64" "0.27.0"
    "@esbuild/openharmony-arm64" "0.27.0"
    "@esbuild/sunos-x64" "0.27.0"
    "@esbuild/win32-arm64" "0.27.0"
    "@esbuild/win32-ia32" "0.27.0"
    "@esbuild/win32-x64" "0.27.0"

exit-hook@2.2.1:
  version "2.2.1"
  resolved "https://registry.yarnpkg.com/exit-hook/-/exit-hook-2.2.1.tgz#007b2d92c6428eda2b76e7016a34351586934593"
  integrity sha512-eNTPlAD67BmP31LDINZ3U7HSF8l57TxOY2PmBJ1shpCvpnxBF93mWCE8YHBnXs8qiUZJc9WDcWIeC3a2HIAMfw==

fsevents@~2.3.2:
  version "2.3.3"
  resolved "https://registry.yarnpkg.com/fsevents/-/fsevents-2.3.3.tgz#cac6407785d03675a2a5e1a5305c697b347d90d6"
  integrity sha512-5xoDfX+fL7faATnagmWPpbFtwh/R77WmMMqqHGS65C3vvB0YHrgF+B1YmZ3441tMj5n63k0212XNoJwzlhffQw==

glob-to-regexp@0.4.1:
  version "0.4.1"
  resolved "https://registry.yarnpkg.com/glob-to-regexp/-/glob-to-regexp-0.4.1.tgz#c75297087c851b9a578bd217dd59a92f59fe546e"
  integrity sha512-lkX1HJXwyMcprw/5YUZc2s7DrpAiHB21/V+E1rHUrVNokkvB6bqMzT0VfV6/86ZNabt1k14YOIaT7nDvOX3Iiw==

is-arrayish@^0.3.1:
  version "0.3.4"
  resolved "https://registry.yarnpkg.com/is-arrayish/-/is-arrayish-0.3.4.tgz#1ee5553818511915685d33bb13d31bf854e5059d"
  integrity sha512-m6UrgzFVUYawGBh1dUsWR5M2Clqic9RVXC/9f8ceNlv2IcO9j9J/z8UoCLPqtsPBFNzEpfR3xftohbfqDx8EQA==

kleur@^4.1.5:
  version "4.1.5"
  resolved "https://registry.yarnpkg.com/kleur/-/kleur-4.1.5.tgz#95106101795f7050c6c650f350c683febddb1780"
  integrity sha512-o+NO+8WrRiQEE4/7nwRJhN1HWpVmJm511pBHUxPLtp0BUISzlBplORYSmTclCnJvQq2tKu/sgl3xVpkc7ZWuQQ==

mime@^3.0.0:
  version "3.0.0"
  resolved "https://registry.yarnpkg.com/mime/-/mime-3.0.0.tgz#b374550dca3a0c18443b0c950a6a58f1931cf7a7"
  integrity sha512-jSCU7/VB1loIWBZe14aEYHU/+1UMEHoaO7qxCOVJOw9GgH72VAWppxNcjU+x9a2k3GSIBXNKxXQFqRvvZ7vr3A==

miniflare@4.20251210.0:
  version "4.20251210.0"
  resolved "https://registry.yarnpkg.com/miniflare/-/miniflare-4.20251210.0.tgz#b7c97364fdd0a1ca4ddfca72d0a971a46f8ee1bd"
  integrity sha512-k6kIoXwGVqlPZb0hcn+X7BmnK+8BjIIkusQPY22kCo2RaQJ/LzAjtxHQdGXerlHSnJyQivDQsL6BJHMpQfUFyw==
  dependencies:
    "@cspotcode/source-map-support" "0.8.1"
    acorn "8.14.0"
    acorn-walk "8.3.2"
    exit-hook "2.2.1"
    glob-to-regexp "0.4.1"
    sharp "^0.33.5"
    stoppable "1.1.0"
    undici "7.14.0"
    workerd "1.20251210.0"
    ws "8.18.0"
    youch "4.1.0-beta.10"
    zod "3.22.3"

nanoid@^5.1.6:
  version "5.1.6"
  resolved "https://registry.yarnpkg.com/nanoid/-/nanoid-5.1.6.tgz#30363f664797e7d40429f6c16946d6bd7a3f26c9"
  integrity sha512-c7+7RQ+dMB5dPwwCp4ee1/iV/q2P6aK1mTZcfr1BTuVlyW9hJYiMPybJCcnBlQtuSmTIWNeazm/zqNoZSSElBg==

path-to-regexp@6.3.0:
  version "6.3.0"
  resolved "https://registry.yarnpkg.com/path-to-regexp/-/path-to-regexp-6.3.0.tgz#2b6a26a337737a8e1416f9272ed0766b1c0389f4"
  integrity sha512-Yhpw4T9C6hPpgPeA28us07OJeqZ5EzQTkbfwuhsUg0c237RomFoETJgmp2sa3F/41gfLE6G5cqcYwznmeEeOlQ==

pathe@^2.0.3:
  version "2.0.3"
  resolved "https://registry.yarnpkg.com/pathe/-/pathe-2.0.3.tgz#3ecbec55421685b70a9da872b2cff3e1cbed1716"
  integrity sha512-WUjGcAqP1gQacoQe+OBJsFA7Ld4DyXuUIjZ5cc75cLHvJ7dtNsTugphxIADwspS+AraAUePCKrSVtPLFj/F88w==

semver@^7.6.3:
  version "7.7.3"
  resolved "https://registry.yarnpkg.com/semver/-/semver-7.7.3.tgz#4b5f4143d007633a8dc671cd0a6ef9147b8bb946"
  integrity sha512-SdsKMrI9TdgjdweUSR9MweHA4EJ8YxHn8DFaDisvhVlUOe4BF1tLD7GAj0lIqWVl+dPb/rExr0Btby5loQm20Q==

sharp@^0.33.5:
  version "0.33.5"
  resolved "https://registry.yarnpkg.com/sharp/-/sharp-0.33.5.tgz#13e0e4130cc309d6a9497596715240b2ec0c594e"
  integrity sha512-haPVm1EkS9pgvHrQ/F3Xy+hgcuMV0Wm9vfIBSiwZ05k+xgb0PkBQpGsAA/oWdDobNaZTH5ppvHtzCFbnSEwHVw==
  dependencies:
    color "^4.2.3"
    detect-libc "^2.0.3"
    semver "^7.6.3"
  optionalDependencies:
    "@img/sharp-darwin-arm64" "0.33.5"
    "@img/sharp-darwin-x64" "0.33.5"
    "@img/sharp-libvips-darwin-arm64" "1.0.4"
    "@img/sharp-libvips-darwin-x64" "1.0.4"
    "@img/sharp-libvips-linux-arm" "1.0.5"
    "@img/sharp-libvips-linux-arm64" "1.0.4"
    "@img/sharp-libvips-linux-s390x" "1.0.4"
    "@img/sharp-libvips-linux-x64" "1.0.4"
    "@img/sharp-libvips-linuxmusl-arm64" "1.0.4"
    "@img/sharp-libvips-linuxmusl-x64" "1.0.4"
    "@img/sharp-linux-arm" "0.33.5"
    "@img/sharp-linux-arm64" "0.33.5"
    "@img/sharp-linux-s390x" "0.33.5"
    "@img/sharp-linux-x64" "0.33.5"
    "@img/sharp-linuxmusl-arm64" "0.33.5"
    "@img/sharp-linuxmusl-x64" "0.33.5"
    "@img/sharp-wasm32" "0.33.5"
    "@img/sharp-win32-ia32" "0.33.5"
    "@img/sharp-win32-x64" "0.33.5"

simple-swizzle@^0.2.2:
  version "0.2.4"
  resolved "https://registry.yarnpkg.com/simple-swizzle/-/simple-swizzle-0.2.4.tgz#a8d11a45a11600d6a1ecdff6363329e3648c3667"
  integrity sha512-nAu1WFPQSMNr2Zn9PGSZK9AGn4t/y97lEm+MXTtUDwfP0ksAIX4nO+6ruD9Jwut4C49SB1Ws+fbXsm/yScWOHw==
  dependencies:
    is-arrayish "^0.3.1"

stoppable@1.1.0:
  version "1.1.0"
  resolved "https://registry.yarnpkg.com/stoppable/-/stoppable-1.1.0.tgz#32da568e83ea488b08e4d7ea2c3bcc9d75015d5b"
  integrity sha512-KXDYZ9dszj6bzvnEMRYvxgeTHU74QBFL54XKtP3nyMuJ81CFYtABZ3bAzL2EdFUaEwJOBOgENyFj3R7oTzDyyw==

supports-color@^10.0.0:
  version "10.2.2"
  resolved "https://registry.yarnpkg.com/supports-color/-/supports-color-10.2.2.tgz#466c2978cc5cd0052d542a0b576461c2b802ebb4"
  integrity sha512-SS+jx45GF1QjgEXQx4NJZV9ImqmO2NPz5FNsIHrsDjh2YsHnawpan7SNQ1o8NuhrbHZy9AZhIoCUiCeaW/C80g==

tslib@^2.4.0:
  version "2.8.1"
  resolved "https://registry.yarnpkg.com/tslib/-/tslib-2.8.1.tgz#612efe4ed235d567e8aba5f2a5fab70280ade83f"
  integrity sha512-oJFu94HQb+KVduSUQL7wnpmqnfmLsOA/nAh6b6EH0wCEoK0/mPeXU6c3wKDV83MkOuHPRHtSXKKU99IBazS/2w==

undici@7.14.0:
  version "7.14.0"
  resolved "https://registry.yarnpkg.com/undici/-/undici-7.14.0.tgz#7e616eeb3900deb1c4dda0e51384303975eec72c"
  integrity sha512-Vqs8HTzjpQXZeXdpsfChQTlafcMQaaIwnGwLam1wudSSjlJeQ3bw1j+TLPePgrCnCpUXx7Ba5Pdpf5OBih62NQ==

unenv@2.0.0-rc.24:
  version "2.0.0-rc.24"
  resolved "https://registry.yarnpkg.com/unenv/-/unenv-2.0.0-rc.24.tgz#dd0035c3e93fedfa12c8454e34b7f17fe83efa2e"
  integrity sha512-i7qRCmY42zmCwnYlh9H2SvLEypEFGye5iRmEMKjcGi7zk9UquigRjFtTLz0TYqr0ZGLZhaMHl/foy1bZR+Cwlw==
  dependencies:
    pathe "^2.0.3"

workerd@1.20251210.0:
  version "1.20251210.0"
  resolved "https://registry.yarnpkg.com/workerd/-/workerd-1.20251210.0.tgz#407ca597be3428908ac5836e7e7a1f8da270f0c2"
  integrity sha512-9MUUneP1BnRE9XAYi94FXxHmiLGbO75EHQZsgWqSiOXjoXSqJCw8aQbIEPxCy19TclEl/kHUFYce8ST2W+Qpjw==
  optionalDependencies:
    "@cloudflare/workerd-darwin-64" "1.20251210.0"
    "@cloudflare/workerd-darwin-arm64" "1.20251210.0"
    "@cloudflare/workerd-linux-64" "1.20251210.0"
    "@cloudflare/workerd-linux-arm64" "1.20251210.0"
    "@cloudflare/workerd-windows-64" "1.20251210.0"

wrangler@^4.40.2:
  version "4.54.0"
  resolved "https://registry.yarnpkg.com/wrangler/-/wrangler-4.54.0.tgz#3b9976afa55599b847136efb2f43c0234ddd4403"
  integrity sha512-bANFsjDwJLbprYoBK+hUDZsVbUv2SqJd8QvArLIcZk+fPq4h/Ohtj5vkKXD3k0s2bD1DXLk08D+hYmeNH+xC6A==
  dependencies:
    "@cloudflare/kv-asset-handler" "0.4.1"
    "@cloudflare/unenv-preset" "2.7.13"
    blake3-wasm "2.1.5"
    esbuild "0.27.0"
    miniflare "4.20251210.0"
    path-to-regexp "6.3.0"
    unenv "2.0.0-rc.24"
    workerd "1.20251210.0"
  optionalDependencies:
    fsevents "~2.3.2"

ws@8.18.0:
  version "8.18.0"
  resolved "https://registry.yarnpkg.com/ws/-/ws-8.18.0.tgz#0d7505a6eafe2b0e712d232b42279f53bc289bbc"
  integrity sha512-8VbfWfHLbbwu3+N6OKsOMpBdT4kXPDDB9cJk2bJ6mh9ucxdlnNvH1e+roYkKmN9Nxw2yjz7VzeO9oOz2zJ04Pw==

youch-core@^0.3.3:
  version "0.3.3"
  resolved "https://registry.yarnpkg.com/youch-core/-/youch-core-0.3.3.tgz#c5d3d85aeea0d8bc7b36e9764ed3f14b7ceddc7d"
  integrity sha512-ho7XuGjLaJ2hWHoK8yFnsUGy2Y5uDpqSTq1FkHLK4/oqKtyUU1AFbOOxY4IpC9f0fTLjwYbslUz0Po5BpD1wrA==
  dependencies:
    "@poppinss/exception" "^1.2.2"
    error-stack-parser-es "^1.0.5"

youch@4.1.0-beta.10:
  version "4.1.0-beta.10"
  resolved "https://registry.yarnpkg.com/youch/-/youch-4.1.0-beta.10.tgz#94702059e0ba7668025f5cd1b5e5c0f3eb0e83c2"
  integrity sha512-rLfVLB4FgQneDr0dv1oddCVZmKjcJ6yX6mS4pU82Mq/Dt9a3cLZQ62pDBL4AUO+uVrCvtWz3ZFUL2HFAFJ/BXQ==
  dependencies:
    "@poppinss/colors" "^4.1.5"
    "@poppinss/dumper" "^0.6.4"
    "@speed-highlight/core" "^1.2.7"
    cookie "^1.0.2"
    youch-core "^0.3.3"

zod@3.22.3:
  version "3.22.3"
  resolved "https://registry.yarnpkg.com/zod/-/zod-3.22.3.tgz#2fbc96118b174290d94e8896371c95629e87a060"
  integrity sha512-EjIevzuJRiRPbVH4mGc8nApb/lVLKVpmUhAaR5R5doKGfAnGJ6Gr3CViAVjP+4FWSxCsybeWQdcgCtbX+7oZug==
